
Microsoft Visual Studio Solution File, Format Version 12.00
# Visual Studio Version 17
VisualStudioVersion = 17.2.32616.157
MinimumVisualStudioVersion = 10.0.40219.1
Project("{FAE04EC0-301F-11D3-BF4B-00C04F79EFBC}") = "QuestionNo5", "QuestionNo5.csproj", "{7CAA0518-A038-4BE0-9B33-CC49AA596282}"
EndProject
Global
	GlobalSection(SolutionConfigurationPlatforms) = preSolution
		Debug|Any CPU = Debug|Any CPU
		Release|Any CPU = Release|Any CPU
	EndGlobalSection
	GlobalSection(ProjectConfigurationPlatforms) = postSolution
		{7CAA0518-A038-4BE0-9B33-CC49AA596282}.Debug|Any CPU.ActiveCfg = Debug|Any CPU
		{7CAA0518-A038-4BE0-9B33-CC49AA596282}.Debug|Any CPU.Build.0 = Debug|Any CPU
		{7CAA0518-A038-4BE0-9B33-CC49AA596282}.Release|Any CPU.ActiveCfg = Release|Any CPU
		{7CAA0518-A038-4BE0-9B33-CC49AA596282}.Release|Any CPU.Build.0 = Release|Any CPU
	EndGlobalSection
	GlobalSection(SolutionProperties) = preSolution
		HideSolutionNode = FALSE
	EndGlobalSection
	GlobalSection(ExtensibilityGlobals) = postSolution
		SolutionGuid = {9EDC7FB2-7D3C-4597-91AB-BBABF3EBC33F}
	EndGlobalSection
EndGlobal
